
Microsoft Visual Studio Solution File, Format Version 12.00
# Visual Studio Version 16
VisualStudioVersion = 16.0.29215.179
MinimumVisualStudioVersion = 10.0.40219.1
Project("{9A19103F-16F7-4668-BE54-9A1E7A4F7556}") = "BlackjackLibrary", "BlackjackLibrary\BlackjackLibrary.csproj", "{801DE754-8160-4DD5-98E5-F6F37D907697}"
EndProject
Project("{FAE04EC0-301F-11D3-BF4B-00C04F79EFBC}") = "BlackjackLibrary.ConsoleDemo", "BlackjackLibrary.ConsoleDemo\BlackjackLibrary.ConsoleDemo.csproj", "{64A6133C-97DC-4D0E-9055-9482BA407F0B}"
EndProject
Global
	GlobalSection(SolutionConfigurationPlatforms) = preSolution
		Debug|Any CPU = Debug|Any CPU
		Release|Any CPU = Release|Any CPU
	EndGlobalSection
	GlobalSection(ProjectConfigurationPlatforms) = postSolution
		{801DE754-8160-4DD5-98E5-F6F37D907697}.Debug|Any CPU.ActiveCfg = Debug|Any CPU
		{801DE754-8160-4DD5-98E5-F6F37D907697}.Debug|Any CPU.Build.0 = Debug|Any CPU
		{801DE754-8160-4DD5-98E5-F6F37D907697}.Release|Any CPU.ActiveCfg = Release|Any CPU
		{801DE754-8160-4DD5-98E5-F6F37D907697}.Release|Any CPU.Build.0 = Release|Any CPU
		{64A6133C-97DC-4D0E-9055-9482BA407F0B}.Debug|Any CPU.ActiveCfg = Debug|Any CPU
		{64A6133C-97DC-4D0E-9055-9482BA407F0B}.Debug|Any CPU.Build.0 = Debug|Any CPU
		{64A6133C-97DC-4D0E-9055-9482BA407F0B}.Release|Any CPU.ActiveCfg = Release|Any CPU
		{64A6133C-97DC-4D0E-9055-9482BA407F0B}.Release|Any CPU.Build.0 = Release|Any CPU
	EndGlobalSection
	GlobalSection(SolutionProperties) = preSolution
		HideSolutionNode = FALSE
	EndGlobalSection
	GlobalSection(ExtensibilityGlobals) = postSolution
		SolutionGuid = {CBB06CBF-AA28-4CF0-BC63-35DBCD6F590A}
	EndGlobalSection
EndGlobal
